<Solution>
  <Configurations>
    <Platform Name="Any CPU" />
  </Configurations>
  <Folder Name="/auth/">
    <Project Path="auth/src/MyStack.Auth.csproj" />
    <Project Path="auth/tests/MyStack.Auth.Tests.csproj" />
  </Folder>
  <Folder Name="/shared/">
    <Project Path="shared/MyStack.Observability/src/MyStack.Observability.csproj" />
    <Project Path="shared/MyStack.Observability/tests/MyStack.Observability.Tests.csproj" />
  </Folder>
</Solution>
